
Microsoft Visual Studio Solution File, Format Version 12.00
# Visual Studio Version 16
VisualStudioVersion = 16.0.30413.136
MinimumVisualStudioVersion = 10.0.40219.1
Project("{FAE04EC0-301F-11D3-BF4B-00C04F79EFBC}") = "SalariesDll", "SalariesDll\SalariesDll.csproj", "{093F092B-F5DA-474F-9D88-C03461B8D6D8}"
EndProject
Project("{FAE04EC0-301F-11D3-BF4B-00C04F79EFBC}") = "SalarieCall", "SalarieCall\SalarieCall.csproj", "{0FE57118-19B0-42C8-A453-2ABFD7CE5747}"
EndProject
Global
	GlobalSection(SolutionConfigurationPlatforms) = preSolution
		Debug|Any CPU = Debug|Any CPU
		Release|Any CPU = Release|Any CPU
	EndGlobalSection
	GlobalSection(ProjectConfigurationPlatforms) = postSolution
		{093F092B-F5DA-474F-9D88-C03461B8D6D8}.Debug|Any CPU.ActiveCfg = Debug|Any CPU
		{093F092B-F5DA-474F-9D88-C03461B8D6D8}.Debug|Any CPU.Build.0 = Debug|Any CPU
		{093F092B-F5DA-474F-9D88-C03461B8D6D8}.Release|Any CPU.ActiveCfg = Release|Any CPU
		{093F092B-F5DA-474F-9D88-C03461B8D6D8}.Release|Any CPU.Build.0 = Release|Any CPU
		{0FE57118-19B0-42C8-A453-2ABFD7CE5747}.Debug|Any CPU.ActiveCfg = Debug|Any CPU
		{0FE57118-19B0-42C8-A453-2ABFD7CE5747}.Debug|Any CPU.Build.0 = Debug|Any CPU
		{0FE57118-19B0-42C8-A453-2ABFD7CE5747}.Release|Any CPU.ActiveCfg = Release|Any CPU
		{0FE57118-19B0-42C8-A453-2ABFD7CE5747}.Release|Any CPU.Build.0 = Release|Any CPU
	EndGlobalSection
	GlobalSection(SolutionProperties) = preSolution
		HideSolutionNode = FALSE
	EndGlobalSection
	GlobalSection(ExtensibilityGlobals) = postSolution
		SolutionGuid = {9CA06656-AE62-4978-8613-1C8D6315AA81}
	EndGlobalSection
EndGlobal
